
Microsoft Visual Studio Solution File, Format Version 12.00
# Visual Studio Version 17
VisualStudioVersion = 17.7.34009.444
MinimumVisualStudioVersion = 10.0.40219.1
Project("{2150E333-8FDC-42A3-9474-1A3956D46DE8}") = "Services", "Services", "{756A7761-0AAC-4152-8FD3-E46B97261B58}"
EndProject
Project("{2150E333-8FDC-42A3-9474-1A3956D46DE8}") = "Catalog", "Catalog", "{8142EAC4-BD75-4362-9ADB-8775DDA8CE99}"
EndProject
Project("{9A19103F-16F7-4668-BE54-9A1E7A4F7556}") = "MultiShop.Catalog", "Services\Catalog\MultiShop.Catalog\MultiShop.Catalog.csproj", "{90193389-BDDE-43BD-8873-38EC6C2D2024}"
EndProject
Project("{2150E333-8FDC-42A3-9474-1A3956D46DE8}") = "Discount", "Discount", "{498AA630-37D0-49DC-A46B-566FDC0CB72A}"
EndProject
Project("{9A19103F-16F7-4668-BE54-9A1E7A4F7556}") = "MultiShop.Discount", "Services\Discount\MultiShop.Discount\MultiShop.Discount.csproj", "{6B617C19-1491-4364-A933-2DFDF5FADD60}"
EndProject
Project("{2150E333-8FDC-42A3-9474-1A3956D46DE8}") = "Order", "Order", "{D0B699BF-98E9-4849-BBAB-56E69702975A}"
EndProject
Project("{2150E333-8FDC-42A3-9474-1A3956D46DE8}") = "Core", "Core", "{97BFB7E9-5F9B-4B50-BAEC-80789EC8209A}"
EndProject
Project("{2150E333-8FDC-42A3-9474-1A3956D46DE8}") = "Infrastructure", "Infrastructure", "{430B81DF-7ACA-40D8-8F46-924B4EE2A3DE}"
EndProject
Project("{2150E333-8FDC-42A3-9474-1A3956D46DE8}") = "Presentation", "Presentation", "{8551597F-DE04-487A-8347-3EE47FC95CEB}"
EndProject
Project("{FAE04EC0-301F-11D3-BF4B-00C04F79EFBC}") = "MultiShop.Order.Domain", "Services\Order\Core\MultiShop.Order.Domain\MultiShop.Order.Domain.csproj", "{C8586903-E7D3-4A38-B5E6-449C4D83BE93}"
EndProject
Project("{FAE04EC0-301F-11D3-BF4B-00C04F79EFBC}") = "MultiShop.Order.Application", "Services\Order\Core\MultiShop.Order.Application\MultiShop.Order.Application.csproj", "{CD8E135A-3636-494A-8F89-1B7205058125}"
EndProject
Project("{FAE04EC0-301F-11D3-BF4B-00C04F79EFBC}") = "MultiShop.Order.Persistence", "Services\Order\Infrastructure\MultiShop.Order.Persistence\MultiShop.Order.Persistence.csproj", "{503CF815-4D91-4B73-A22B-2B3BD0C83ADD}"
EndProject
Project("{FAE04EC0-301F-11D3-BF4B-00C04F79EFBC}") = "MultiShop.Order.WebApi", "Services\Order\Presentation\MultiShop.Order.WebApi\MultiShop.Order.WebApi.csproj", "{15A0D278-179C-451B-A504-36AD7A7F07A8}"
EndProject
Global
	GlobalSection(SolutionConfigurationPlatforms) = preSolution
		Debug|Any CPU = Debug|Any CPU
		Release|Any CPU = Release|Any CPU
	EndGlobalSection
	GlobalSection(ProjectConfigurationPlatforms) = postSolution
		{90193389-BDDE-43BD-8873-38EC6C2D2024}.Debug|Any CPU.ActiveCfg = Debug|Any CPU
		{90193389-BDDE-43BD-8873-38EC6C2D2024}.Debug|Any CPU.Build.0 = Debug|Any CPU
		{90193389-BDDE-43BD-8873-38EC6C2D2024}.Release|Any CPU.ActiveCfg = Release|Any CPU
		{90193389-BDDE-43BD-8873-38EC6C2D2024}.Release|Any CPU.Build.0 = Release|Any CPU
		{6B617C19-1491-4364-A933-2DFDF5FADD60}.Debug|Any CPU.ActiveCfg = Debug|Any CPU
		{6B617C19-1491-4364-A933-2DFDF5FADD60}.Debug|Any CPU.Build.0 = Debug|Any CPU
		{6B617C19-1491-4364-A933-2DFDF5FADD60}.Release|Any CPU.ActiveCfg = Release|Any CPU
		{6B617C19-1491-4364-A933-2DFDF5FADD60}.Release|Any CPU.Build.0 = Release|Any CPU
		{C8586903-E7D3-4A38-B5E6-449C4D83BE93}.Debug|Any CPU.ActiveCfg = Debug|Any CPU
		{C8586903-E7D3-4A38-B5E6-449C4D83BE93}.Debug|Any CPU.Build.0 = Debug|Any CPU
		{C8586903-E7D3-4A38-B5E6-449C4D83BE93}.Release|Any CPU.ActiveCfg = Release|Any CPU
		{C8586903-E7D3-4A38-B5E6-449C4D83BE93}.Release|Any CPU.Build.0 = Release|Any CPU
		{CD8E135A-3636-494A-8F89-1B7205058125}.Debug|Any CPU.ActiveCfg = Debug|Any CPU
		{CD8E135A-3636-494A-8F89-1B7205058125}.Debug|Any CPU.Build.0 = Debug|Any CPU
		{CD8E135A-3636-494A-8F89-1B7205058125}.Release|Any CPU.ActiveCfg = Release|Any CPU
		{CD8E135A-3636-494A-8F89-1B7205058125}.Release|Any CPU.Build.0 = Release|Any CPU
		{503CF815-4D91-4B73-A22B-2B3BD0C83ADD}.Debug|Any CPU.ActiveCfg = Debug|Any CPU
		{503CF815-4D91-4B73-A22B-2B3BD0C83ADD}.Debug|Any CPU.Build.0 = Debug|Any CPU
		{503CF815-4D91-4B73-A22B-2B3BD0C83ADD}.Release|Any CPU.ActiveCfg = Release|Any CPU
		{503CF815-4D91-4B73-A22B-2B3BD0C83ADD}.Release|Any CPU.Build.0 = Release|Any CPU
		{15A0D278-179C-451B-A504-36AD7A7F07A8}.Debug|Any CPU.ActiveCfg = Debug|Any CPU
		{15A0D278-179C-451B-A504-36AD7A7F07A8}.Debug|Any CPU.Build.0 = Debug|Any CPU
		{15A0D278-179C-451B-A504-36AD7A7F07A8}.Release|Any CPU.ActiveCfg = Release|Any CPU
		{15A0D278-179C-451B-A504-36AD7A7F07A8}.Release|Any CPU.Build.0 = Release|Any CPU
	EndGlobalSection
	GlobalSection(SolutionProperties) = preSolution
		HideSolutionNode = FALSE
	EndGlobalSection
	GlobalSection(NestedProjects) = preSolution
		{8142EAC4-BD75-4362-9ADB-8775DDA8CE99} = {756A7761-0AAC-4152-8FD3-E46B97261B58}
		{90193389-BDDE-43BD-8873-38EC6C2D2024} = {8142EAC4-BD75-4362-9ADB-8775DDA8CE99}
		{498AA630-37D0-49DC-A46B-566FDC0CB72A} = {756A7761-0AAC-4152-8FD3-E46B97261B58}
		{6B617C19-1491-4364-A933-2DFDF5FADD60} = {498AA630-37D0-49DC-A46B-566FDC0CB72A}
		{D0B699BF-98E9-4849-BBAB-56E69702975A} = {756A7761-0AAC-4152-8FD3-E46B97261B58}
		{97BFB7E9-5F9B-4B50-BAEC-80789EC8209A} = {D0B699BF-98E9-4849-BBAB-56E69702975A}
		{430B81DF-7ACA-40D8-8F46-924B4EE2A3DE} = {D0B699BF-98E9-4849-BBAB-56E69702975A}
		{8551597F-DE04-487A-8347-3EE47FC95CEB} = {D0B699BF-98E9-4849-BBAB-56E69702975A}
		{C8586903-E7D3-4A38-B5E6-449C4D83BE93} = {97BFB7E9-5F9B-4B50-BAEC-80789EC8209A}
		{CD8E135A-3636-494A-8F89-1B7205058125} = {97BFB7E9-5F9B-4B50-BAEC-80789EC8209A}
		{503CF815-4D91-4B73-A22B-2B3BD0C83ADD} = {430B81DF-7ACA-40D8-8F46-924B4EE2A3DE}
		{15A0D278-179C-451B-A504-36AD7A7F07A8} = {8551597F-DE04-487A-8347-3EE47FC95CEB}
	EndGlobalSection
	GlobalSection(ExtensibilityGlobals) = postSolution
		SolutionGuid = {9C95629F-6486-464C-9898-A5B5E3656EA6}
	EndGlobalSection
EndGlobal
